
Microsoft Visual Studio Solution File, Format Version 12.00
# Visual Studio 15
VisualStudioVersion = 15.0.27428.2002
MinimumVisualStudioVersion = 10.0.40219.1
Project("{E24C65DC-7377-472B-9ABA-BC803B73C61A}") = "CS-ASP_019-ChallengeEpicSpies", "CS-ASP_019-ChallengeEpicSpies\", "{6A1AFDAB-215C-4799-AEFE-1846DE76D851}"
	ProjectSection(WebsiteProperties) = preProject
		TargetFrameworkMoniker = ".NETFramework,Version%3Dv4.6.1"
		Debug.AspNetCompiler.VirtualPath = "/localhost_56626"
		Debug.AspNetCompiler.PhysicalPath = "CS-ASP_019-ChallengeEpicSpies\"
		Debug.AspNetCompiler.TargetPath = "PrecompiledWeb\localhost_56626\"
		Debug.AspNetCompiler.Updateable = "true"
		Debug.AspNetCompiler.ForceOverwrite = "true"
		Debug.AspNetCompiler.FixedNames = "false"
		Debug.AspNetCompiler.Debug = "True"
		Release.AspNetCompiler.VirtualPath = "/localhost_56626"
		Release.AspNetCompiler.PhysicalPath = "CS-ASP_019-ChallengeEpicSpies\"
		Release.AspNetCompiler.TargetPath = "PrecompiledWeb\localhost_56626\"
		Release.AspNetCompiler.Updateable = "true"
		Release.AspNetCompiler.ForceOverwrite = "true"
		Release.AspNetCompiler.FixedNames = "false"
		Release.AspNetCompiler.Debug = "False"
		VWDPort = "56626"
		SlnRelativePath = "CS-ASP_019-ChallengeEpicSpies\"
		DefaultWebSiteLanguage = "Visual C#"
	EndProjectSection
EndProject
Global
	GlobalSection(SolutionConfigurationPlatforms) = preSolution
		Debug|Any CPU = Debug|Any CPU
	EndGlobalSection
	GlobalSection(ProjectConfigurationPlatforms) = postSolution
		{6A1AFDAB-215C-4799-AEFE-1846DE76D851}.Debug|Any CPU.ActiveCfg = Debug|Any CPU
		{6A1AFDAB-215C-4799-AEFE-1846DE76D851}.Debug|Any CPU.Build.0 = Debug|Any CPU
	EndGlobalSection
	GlobalSection(SolutionProperties) = preSolution
		HideSolutionNode = FALSE
	EndGlobalSection
	GlobalSection(ExtensibilityGlobals) = postSolution
		SolutionGuid = {7B1A0781-0AF9-40F3-A32B-6C6489B2A0E8}
	EndGlobalSection
EndGlobal
